
Microsoft Visual Studio Solution File, Format Version 12.00
# Visual Studio 15
VisualStudioVersion = 15.0.28307.329
MinimumVisualStudioVersion = 10.0.40219.1
Project("{8BC9CEB8-8B4A-11D0-8D11-00A0C91BC942}") = "RIS_2", "RIS_2\RIS_2.vcxproj", "{E9A7E6A3-7BB9-408A-B5C7-F14967F7B282}"
EndProject
Project("{8BC9CEB8-8B4A-11D0-8D11-00A0C91BC942}") = "RIS_2_server", "RIS_2_server\RIS_2_server.vcxproj", "{69425979-D2DB-4BF6-A514-FAB51320E8DD}"
EndProject
Global
	GlobalSection(SolutionConfigurationPlatforms) = preSolution
		Debug|x64 = Debug|x64
		Debug|x86 = Debug|x86
		Release|x64 = Release|x64
		Release|x86 = Release|x86
	EndGlobalSection
	GlobalSection(ProjectConfigurationPlatforms) = postSolution
		{E9A7E6A3-7BB9-408A-B5C7-F14967F7B282}.Debug|x64.ActiveCfg = Debug|x64
		{E9A7E6A3-7BB9-408A-B5C7-F14967F7B282}.Debug|x64.Build.0 = Debug|x64
		{E9A7E6A3-7BB9-408A-B5C7-F14967F7B282}.Debug|x86.ActiveCfg = Debug|Win32
		{E9A7E6A3-7BB9-408A-B5C7-F14967F7B282}.Debug|x86.Build.0 = Debug|Win32
		{E9A7E6A3-7BB9-408A-B5C7-F14967F7B282}.Release|x64.ActiveCfg = Release|x64
		{E9A7E6A3-7BB9-408A-B5C7-F14967F7B282}.Release|x64.Build.0 = Release|x64
		{E9A7E6A3-7BB9-408A-B5C7-F14967F7B282}.Release|x86.ActiveCfg = Release|Win32
		{E9A7E6A3-7BB9-408A-B5C7-F14967F7B282}.Release|x86.Build.0 = Release|Win32
		{69425979-D2DB-4BF6-A514-FAB51320E8DD}.Debug|x64.ActiveCfg = Debug|x64
		{69425979-D2DB-4BF6-A514-FAB51320E8DD}.Debug|x64.Build.0 = Debug|x64
		{69425979-D2DB-4BF6-A514-FAB51320E8DD}.Debug|x86.ActiveCfg = Debug|Win32
		{69425979-D2DB-4BF6-A514-FAB51320E8DD}.Debug|x86.Build.0 = Debug|Win32
		{69425979-D2DB-4BF6-A514-FAB51320E8DD}.Release|x64.ActiveCfg = Release|x64
		{69425979-D2DB-4BF6-A514-FAB51320E8DD}.Release|x64.Build.0 = Release|x64
		{69425979-D2DB-4BF6-A514-FAB51320E8DD}.Release|x86.ActiveCfg = Release|Win32
		{69425979-D2DB-4BF6-A514-FAB51320E8DD}.Release|x86.Build.0 = Release|Win32
	EndGlobalSection
	GlobalSection(SolutionProperties) = preSolution
		HideSolutionNode = FALSE
	EndGlobalSection
	GlobalSection(ExtensibilityGlobals) = postSolution
		SolutionGuid = {29D8EBBA-7B20-415E-9270-2706A6E721F2}
	EndGlobalSection
EndGlobal
